// !$*UTF8*$!
{
	archiveVersion = 1;
	classes = {
	};
	objectVersion = 55;
	objects = {

/* Begin PBXBuildFile section */
		B00C821A285AE8B000B2BDBA /* CourierE2EApp.swift in Sources */ = {isa = PBXBuildFile; fileRef = B00C8219285AE8B000B2BDBA /* CourierE2EApp.swift */; };
		B00C821E285AE8B000B2BDBA /* Assets.xcassets in Resources */ = {isa = PBXBuildFile; fileRef = B00C821D285AE8B000B2BDBA /* Assets.xcassets */; };
		B00C8221285AE8B000B2BDBA /* Preview Assets.xcassets in Resources */ = {isa = PBXBuildFile; fileRef = B00C8220285AE8B000B2BDBA /* Preview Assets.xcassets */; };
		B00C822A285AEAB800B2BDBA /* MesssageData.swift in Sources */ = {isa = PBXBuildFile; fileRef = B00C8228285AEAB800B2BDBA /* MesssageData.swift */; };
		B00C822B285AEAB800B2BDBA /* SubscribeData.swift in Sources */ = {isa = PBXBuildFile; fileRef = B00C8229285AEAB800B2BDBA /* SubscribeData.swift */; };
		B00C822E285AEABF00B2BDBA /* ConnectionObservableObject.swift in Sources */ = {isa = PBXBuildFile; fileRef = B00C822D285AEABF00B2BDBA /* ConnectionObservableObject.swift */; };
		B00C8232285AEAC500B2BDBA /* ConnectionFormView.swift in Sources */ = {isa = PBXBuildFile; fileRef = B00C8230285AEAC500B2BDBA /* ConnectionFormView.swift */; };
		B00C8233285AEAC500B2BDBA /* ConnectionView.swift in Sources */ = {isa = PBXBuildFile; fileRef = B00C8231285AEAC500B2BDBA /* ConnectionView.swift */; };
		B00C8236285AEACB00B2BDBA /* ConnectionServiceProvider.swift in Sources */ = {isa = PBXBuildFile; fileRef = B00C8235285AEACB00B2BDBA /* ConnectionServiceProvider.swift */; };
		B00C8239285B096C00B2BDBA /* ConnectionE2EView.swift in Sources */ = {isa = PBXBuildFile; fileRef = B00C8238285B096C00B2BDBA /* ConnectionE2EView.swift */; };
		B00C823B285B0BAB00B2BDBA /* ConnectionE2EObservableObject.swift in Sources */ = {isa = PBXBuildFile; fileRef = B00C823A285B0BAB00B2BDBA /* ConnectionE2EObservableObject.swift */; };
		D105750EEFE519613089F28C /* Pods_CourierE2EApp.framework in Frameworks */ = {isa = PBXBuildFile; fileRef = AD2EA20DA74FF6F88623C776 /* Pods_CourierE2EApp.framework */; };
/* End PBXBuildFile section */

/* Begin PBXFileReference section */
		2879B0F59A943BEF976B9CB8 /* Pods-CourierE2EApp.release.xcconfig */ = {isa = PBXFileReference; includeInIndex = 1; lastKnownFileType = text.xcconfig; name = "Pods-CourierE2EApp.release.xcconfig"; path = "Target Support Files/Pods-CourierE2EApp/Pods-CourierE2EApp.release.xcconfig"; sourceTree = "<group>"; };
		AD2EA20DA74FF6F88623C776 /* Pods_CourierE2EApp.framework */ = {isa = PBXFileReference; explicitFileType = wrapper.framework; includeInIndex = 0; path = Pods_CourierE2EApp.framework; sourceTree = BUILT_PRODUCTS_DIR; };
		B00C8216285AE8B000B2BDBA /* CourierE2EApp.app */ = {isa = PBXFileReference; explicitFileType = wrapper.application; includeInIndex = 0; path = CourierE2EApp.app; sourceTree = BUILT_PRODUCTS_DIR; };
		B00C8219285AE8B000B2BDBA /* CourierE2EApp.swift */ = {isa = PBXFileReference; lastKnownFileType = sourcecode.swift; path = CourierE2EApp.swift; sourceTree = "<group>"; };
		B00C821D285AE8B000B2BDBA /* Assets.xcassets */ = {isa = PBXFileReference; lastKnownFileType = folder.assetcatalog; path = Assets.xcassets; sourceTree = "<group>"; };
		B00C8220285AE8B000B2BDBA /* Preview Assets.xcassets */ = {isa = PBXFileReference; lastKnownFileType = folder.assetcatalog; path = "Preview Assets.xcassets"; sourceTree = "<group>"; };
		B00C8228285AEAB800B2BDBA /* MesssageData.swift */ = {isa = PBXFileReference; fileEncoding = 4; lastKnownFileType = sourcecode.swift; path = MesssageData.swift; sourceTree = "<group>"; };
		B00C8229285AEAB800B2BDBA /* SubscribeData.swift */ = {isa = PBXFileReference; fileEncoding = 4; lastKnownFileType = sourcecode.swift; path = SubscribeData.swift; sourceTree = "<group>"; };
		B00C822D285AEABF00B2BDBA /* ConnectionObservableObject.swift */ = {isa = PBXFileReference; fileEncoding = 4; lastKnownFileType = sourcecode.swift; path = ConnectionObservableObject.swift; sourceTree = "<group>"; };
		B00C8230285AEAC500B2BDBA /* ConnectionFormView.swift */ = {isa = PBXFileReference; fileEncoding = 4; lastKnownFileType = sourcecode.swift; path = ConnectionFormView.swift; sourceTree = "<group>"; };
		B00C8231285AEAC500B2BDBA /* ConnectionView.swift */ = {isa = PBXFileReference; fileEncoding = 4; lastKnownFileType = sourcecode.swift; path = ConnectionView.swift; sourceTree = "<group>"; };
		B00C8235285AEACB00B2BDBA /* ConnectionServiceProvider.swift */ = {isa = PBXFileReference; fileEncoding = 4; lastKnownFileType = sourcecode.swift; path = ConnectionServiceProvider.swift; sourceTree = "<group>"; };
		B00C8238285B096C00B2BDBA /* ConnectionE2EView.swift */ = {isa = PBXFileReference; lastKnownFileType = sourcecode.swift; path = ConnectionE2EView.swift; sourceTree = "<group>"; };
		B00C823A285B0BAB00B2BDBA /* ConnectionE2EObservableObject.swift */ = {isa = PBXFileReference; lastKnownFileType = sourcecode.swift; path = ConnectionE2EObservableObject.swift; sourceTree = "<group>"; };
		FE766D1495216F543ECE56C9 /* Pods-CourierE2EApp.debug.xcconfig */ = {isa = PBXFileReference; includeInIndex = 1; lastKnownFileType = text.xcconfig; name = "Pods-CourierE2EApp.debug.xcconfig"; path = "Target Support Files/Pods-CourierE2EApp/Pods-CourierE2EApp.debug.xcconfig"; sourceTree = "<group>"; };
/* End PBXFileReference section */

/* Begin PBXFrameworksBuildPhase section */
		B00C8213285AE8B000B2BDBA /* Frameworks */ = {
			isa = PBXFrameworksBuildPhase;
			buildActionMask = 2147483647;
			files = (
				D105750EEFE519613089F28C /* Pods_CourierE2EApp.framework in Frameworks */,
			);
			runOnlyForDeploymentPostprocessing = 0;
		};
/* End PBXFrameworksBuildPhase section */

/* Begin PBXGroup section */
		21DAD42C1F12235C6330A541 /* Frameworks */ = {
			isa = PBXGroup;
			children = (
				AD2EA20DA74FF6F88623C776 /* Pods_CourierE2EApp.framework */,
			);
			name = Frameworks;
			sourceTree = "<group>";
		};
		21F44658E28DCE41DA4AAD28 /* Pods */ = {
			isa = PBXGroup;
			children = (
				FE766D1495216F543ECE56C9 /* Pods-CourierE2EApp.debug.xcconfig */,
				2879B0F59A943BEF976B9CB8 /* Pods-CourierE2EApp.release.xcconfig */,
			);
			path = Pods;
			sourceTree = "<group>";
		};
		B00C820D285AE8AF00B2BDBA = {
			isa = PBXGroup;
			children = (
				B00C8218285AE8B000B2BDBA /* CourierE2EApp */,
				B00C8217285AE8B000B2BDBA /* Products */,
				21F44658E28DCE41DA4AAD28 /* Pods */,
				21DAD42C1F12235C6330A541 /* Frameworks */,
			);
			sourceTree = "<group>";
		};
		B00C8217285AE8B000B2BDBA /* Products */ = {
			isa = PBXGroup;
			children = (
				B00C8216285AE8B000B2BDBA /* CourierE2EApp.app */,
			);
			name = Products;
			sourceTree = "<group>";
		};
		B00C8218285AE8B000B2BDBA /* CourierE2EApp */ = {
			isa = PBXGroup;
			children = (
				B00C8219285AE8B000B2BDBA /* CourierE2EApp.swift */,
				B00C8227285AEAB800B2BDBA /* Models */,
				B00C822C285AEABF00B2BDBA /* View Models */,
				B00C822F285AEAC500B2BDBA /* Views */,
				B00C8234285AEACB00B2BDBA /* Courier */,
				B00C821D285AE8B000B2BDBA /* Assets.xcassets */,
				B00C821F285AE8B000B2BDBA /* Preview Content */,
			);
			path = CourierE2EApp;
			sourceTree = "<group>";
		};
		B00C821F285AE8B000B2BDBA /* Preview Content */ = {
			isa = PBXGroup;
			children = (
				B00C8220285AE8B000B2BDBA /* Preview Assets.xcassets */,
			);
			path = "Preview Content";
			sourceTree = "<group>";
		};
		B00C8227285AEAB800B2BDBA /* Models */ = {
			isa = PBXGroup;
			children = (
				B00C8228285AEAB800B2BDBA /* MesssageData.swift */,
				B00C8229285AEAB800B2BDBA /* SubscribeData.swift */,
			);
			path = Models;
			sourceTree = "<group>";
		};
		B00C822C285AEABF00B2BDBA /* View Models */ = {
			isa = PBXGroup;
			children = (
				B00C822D285AEABF00B2BDBA /* ConnectionObservableObject.swift */,
				B00C823A285B0BAB00B2BDBA /* ConnectionE2EObservableObject.swift */,
			);
			path = "View Models";
			sourceTree = "<group>";
		};
		B00C822F285AEAC500B2BDBA /* Views */ = {
			isa = PBXGroup;
			children = (
				B00C8230285AEAC500B2BDBA /* ConnectionFormView.swift */,
				B00C8231285AEAC500B2BDBA /* ConnectionView.swift */,
				B00C8238285B096C00B2BDBA /* ConnectionE2EView.swift */,
			);
			path = Views;
			sourceTree = "<group>";
		};
		B00C8234285AEACB00B2BDBA /* Courier */ = {
			isa = PBXGroup;
			children = (
				B00C8235285AEACB00B2BDBA /* ConnectionServiceProvider.swift */,
			);
			path = Courier;
			sourceTree = "<group>";
		};
/* End PBXGroup section */

/* Begin PBXNativeTarget section */
		B00C8215285AE8B000B2BDBA /* CourierE2EApp */ = {
			isa = PBXNativeTarget;
			buildConfigurationList = B00C8224285AE8B000B2BDBA /* Build configuration list for PBXNativeTarget "CourierE2EApp" */;
			buildPhases = (
				3F550E0046295F376C7010A5 /* [CP] Check Pods Manifest.lock */,
				B00C8212285AE8B000B2BDBA /* Sources */,
				B00C8213285AE8B000B2BDBA /* Frameworks */,
				B00C8214285AE8B000B2BDBA /* Resources */,
				9DA5832506B54E62B206B1FF /* [CP] Embed Pods Frameworks */,
			);
			buildRules = (
			);
			dependencies = (
			);
			name = CourierE2EApp;
			productName = CourierE2EApp;
			productReference = B00C8216285AE8B000B2BDBA /* CourierE2EApp.app */;
			productType = "com.apple.product-type.application";
		};
/* End PBXNativeTarget section */

/* Begin PBXProject section */
		B00C820E285AE8AF00B2BDBA /* Project object */ = {
			isa = PBXProject;
			attributes = {
				BuildIndependentTargetsInParallel = 1;
				LastSwiftUpdateCheck = 1340;
				LastUpgradeCheck = 1340;
				TargetAttributes = {
					B00C8215285AE8B000B2BDBA = {
						CreatedOnToolsVersion = 13.4;
					};
				};
			};
			buildConfigurationList = B00C8211285AE8AF00B2BDBA /* Build configuration list for PBXProject "CourierE2EApp" */;
			compatibilityVersion = "Xcode 13.0";
			developmentRegion = en;
			hasScannedForEncodings = 0;
			knownRegions = (
				en,
				Base,
			);
			mainGroup = B00C820D285AE8AF00B2BDBA;
			productRefGroup = B00C8217285AE8B000B2BDBA /* Products */;
			projectDirPath = "";
			projectRoot = "";
			targets = (
				B00C8215285AE8B000B2BDBA /* CourierE2EApp */,
			);
		};
/* End PBXProject section */

/* Begin PBXResourcesBuildPhase section */
		B00C8214285AE8B000B2BDBA /* Resources */ = {
			isa = PBXResourcesBuildPhase;
			buildActionMask = 2147483647;
			files = (
				B00C8221285AE8B000B2BDBA /* Preview Assets.xcassets in Resources */,
				B00C821E285AE8B000B2BDBA /* Assets.xcassets in Resources */,
			);
			runOnlyForDeploymentPostprocessing = 0;
		};
/* End PBXResourcesBuildPhase section */

/* Begin PBXShellScriptBuildPhase section */
		3F550E0046295F376C7010A5 /* [CP] Check Pods Manifest.lock */ = {
			isa = PBXShellScriptBuildPhase;
			buildActionMask = 2147483647;
			files = (
			);
			inputFileListPaths = (
			);
			inputPaths = (
				"${PODS_PODFILE_DIR_PATH}/Podfile.lock",
				"${PODS_ROOT}/Manifest.lock",
			);
			name = "[CP] Check Pods Manifest.lock";
			outputFileListPaths = (
			);
			outputPaths = (
				"$(DERIVED_FILE_DIR)/Pods-CourierE2EApp-checkManifestLockResult.txt",
			);
			runOnlyForDeploymentPostprocessing = 0;
			shellPath = /bin/sh;
			shellScript = "diff \"${PODS_PODFILE_DIR_PATH}/Podfile.lock\" \"${PODS_ROOT}/Manifest.lock\" > /dev/null\nif [ $? != 0 ] ; then\n    # print error to STDERR\n    echo \"error: The sandbox is not in sync with the Podfile.lock. Run 'pod install' or update your CocoaPods installation.\" >&2\n    exit 1\nfi\n# This output is used by Xcode 'outputs' to avoid re-running this script phase.\necho \"SUCCESS\" > \"${SCRIPT_OUTPUT_FILE_0}\"\n";
			showEnvVarsInLog = 0;
		};
		9DA5832506B54E62B206B1FF /* [CP] Embed Pods Frameworks */ = {
			isa = PBXShellScriptBuildPhase;
			buildActionMask = 2147483647;
			files = (
			);
			inputFileListPaths = (
				"${PODS_ROOT}/Target Support Files/Pods-CourierE2EApp/Pods-CourierE2EApp-frameworks-${CONFIGURATION}-input-files.xcfilelist",
			);
			name = "[CP] Embed Pods Frameworks";
			outputFileListPaths = (
				"${PODS_ROOT}/Target Support Files/Pods-CourierE2EApp/Pods-CourierE2EApp-frameworks-${CONFIGURATION}-output-files.xcfilelist",
			);
			runOnlyForDeploymentPostprocessing = 0;
			shellPath = /bin/sh;
			shellScript = "\"${PODS_ROOT}/Target Support Files/Pods-CourierE2EApp/Pods-CourierE2EApp-frameworks.sh\"\n";
			showEnvVarsInLog = 0;
		};
/* End PBXShellScriptBuildPhase section */

/* Begin PBXSourcesBuildPhase section */
		B00C8212285AE8B000B2BDBA /* Sources */ = {
			isa = PBXSourcesBuildPhase;
			buildActionMask = 2147483647;
			files = (
				B00C822A285AEAB800B2BDBA /* MesssageData.swift in Sources */,
				B00C8239285B096C00B2BDBA /* ConnectionE2EView.swift in Sources */,
				B00C8232285AEAC500B2BDBA /* ConnectionFormView.swift in Sources */,
				B00C8233285AEAC500B2BDBA /* ConnectionView.swift in Sources */,
				B00C823B285B0BAB00B2BDBA /* ConnectionE2EObservableObject.swift in Sources */,
				B00C822B285AEAB800B2BDBA /* SubscribeData.swift in Sources */,
				B00C821A285AE8B000B2BDBA /* CourierE2EApp.swift in Sources */,
				B00C8236285AEACB00B2BDBA /* ConnectionServiceProvider.swift in Sources */,
				B00C822E285AEABF00B2BDBA /* ConnectionObservableObject.swift in Sources */,
			);
			runOnlyForDeploymentPostprocessing = 0;
		};
/* End PBXSourcesBuildPhase section */

/* Begin XCBuildConfiguration section */
		B00C8222285AE8B000B2BDBA /* Debug */ = {
			isa = XCBuildConfiguration;
			buildSettings = {
				ALWAYS_SEARCH_USER_PATHS = NO;
				CLANG_ANALYZER_NONNULL = YES;
				CLANG_ANALYZER_NUMBER_OBJECT_CONVERSION = YES_AGGRESSIVE;
				CLANG_CXX_LANGUAGE_STANDARD = "gnu++17";
				CLANG_ENABLE_MODULES = YES;
				CLANG_ENABLE_OBJC_ARC = YES;
				CLANG_ENABLE_OBJC_WEAK = YES;
				CLANG_WARN_BLOCK_CAPTURE_AUTORELEASING = YES;
				CLANG_WARN_BOOL_CONVERSION = YES;
				CLANG_WARN_COMMA = YES;
				CLANG_WARN_CONSTANT_CONVERSION = YES;
				CLANG_WARN_DEPRECATED_OBJC_IMPLEMENTATIONS = YES;
				CLANG_WARN_DIRECT_OBJC_ISA_USAGE = YES_ERROR;
				CLANG_WARN_DOCUMENTATION_COMMENTS = YES;
				CLANG_WARN_EMPTY_BODY = YES;
				CLANG_WARN_ENUM_CONVERSION = YES;
				CLANG_WARN_INFINITE_RECURSION = YES;
				CLANG_WARN_INT_CONVERSION = YES;
				CLANG_WARN_NON_LITERAL_NULL_CONVERSION = YES;
				CLANG_WARN_OBJC_IMPLICIT_RETAIN_SELF = YES;
				CLANG_WARN_OBJC_LITERAL_CONVERSION = YES;
				CLANG_WARN_OBJC_ROOT_CLASS = YES_ERROR;
				CLANG_WARN_QUOTED_INCLUDE_IN_FRAMEWORK_HEADER = YES;
				CLANG_WARN_RANGE_LOOP_ANALYSIS = YES;
				CLANG_WARN_STRICT_PROTOTYPES = YES;
				CLANG_WARN_SUSPICIOUS_MOVE = YES;
				CLANG_WARN_UNGUARDED_AVAILABILITY = YES_AGGRESSIVE;
				CLANG_WARN_UNREACHABLE_CODE = YES;
				CLANG_WARN__DUPLICATE_METHOD_MATCH = YES;
				COPY_PHASE_STRIP = NO;
				DEBUG_INFORMATION_FORMAT = dwarf;
				ENABLE_STRICT_OBJC_MSGSEND = YES;
				ENABLE_TESTABILITY = YES;
				GCC_C_LANGUAGE_STANDARD = gnu11;
				GCC_DYNAMIC_NO_PIC = NO;
				GCC_NO_COMMON_BLOCKS = YES;
				GCC_OPTIMIZATION_LEVEL = 0;
				GCC_PREPROCESSOR_DEFINITIONS = (
					"DEBUG=1",
					"$(inherited)",
				);
				GCC_WARN_64_TO_32_BIT_CONVERSION = YES;
				GCC_WARN_ABOUT_RETURN_TYPE = YES_ERROR;
				GCC_WARN_UNDECLARED_SELECTOR = YES;
				GCC_WARN_UNINITIALIZED_AUTOS = YES_AGGRESSIVE;
				GCC_WARN_UNUSED_FUNCTION = YES;
				GCC_WARN_UNUSED_VARIABLE = YES;
				IPHONEOS_DEPLOYMENT_TARGET = 15.0;
				MTL_ENABLE_DEBUG_INFO = INCLUDE_SOURCE;
				MTL_FAST_MATH = YES;
				ONLY_ACTIVE_ARCH = YES;
				SDKROOT = iphoneos;
				SWIFT_ACTIVE_COMPILATION_CONDITIONS = DEBUG;
				SWIFT_OPTIMIZATION_LEVEL = "-Onone";
			};
			name = Debug;
		};
		B00C8223285AE8B000B2BDBA /* Release */ = {
			isa = XCBuildConfiguration;
			buildSettings = {
				ALWAYS_SEARCH_USER_PATHS = NO;
				CLANG_ANALYZER_NONNULL = YES;
				CLANG_ANALYZER_NUMBER_OBJECT_CONVERSION = YES_AGGRESSIVE;
				CLANG_CXX_LANGUAGE_STANDARD = "gnu++17";
				CLANG_ENABLE_MODULES = YES;
				CLANG_ENABLE_OBJC_ARC = YES;
				CLANG_ENABLE_OBJC_WEAK = YES;
				CLANG_WARN_BLOCK_CAPTURE_AUTORELEASING = YES;
				CLANG_WARN_BOOL_CONVERSION = YES;
				CLANG_WARN_COMMA = YES;
				CLANG_WARN_CONSTANT_CONVERSION = YES;
				CLANG_WARN_DEPRECATED_OBJC_IMPLEMENTATIONS = YES;
				CLANG_WARN_DIRECT_OBJC_ISA_USAGE = YES_ERROR;
				CLANG_WARN_DOCUMENTATION_COMMENTS = YES;
				CLANG_WARN_EMPTY_BODY = YES;
				CLANG_WARN_ENUM_CONVERSION = YES;
				CLANG_WARN_INFINITE_RECURSION = YES;
				CLANG_WARN_INT_CONVERSION = YES;
				CLANG_WARN_NON_LITERAL_NULL_CONVERSION = YES;
				CLANG_WARN_OBJC_IMPLICIT_RETAIN_SELF = YES;
				CLANG_WARN_OBJC_LITERAL_CONVERSION = YES;
				CLANG_WARN_OBJC_ROOT_CLASS = YES_ERROR;
				CLANG_WARN_QUOTED_INCLUDE_IN_FRAMEWORK_HEADER = YES;
				CLANG_WARN_RANGE_LOOP_ANALYSIS = YES;
				CLANG_WARN_STRICT_PROTOTYPES = YES;
				CLANG_WARN_SUSPICIOUS_MOVE = YES;
				CLANG_WARN_UNGUARDED_AVAILABILITY = YES_AGGRESSIVE;
				CLANG_WARN_UNREACHABLE_CODE = YES;
				CLANG_WARN__DUPLICATE_METHOD_MATCH = YES;
				COPY_PHASE_STRIP = NO;
				DEBUG_INFORMATION_FORMAT = "dwarf-with-dsym";
				ENABLE_NS_ASSERTIONS = NO;
				ENABLE_STRICT_OBJC_MSGSEND = YES;
				GCC_C_LANGUAGE_STANDARD = gnu11;
				GCC_NO_COMMON_BLOCKS = YES;
				GCC_WARN_64_TO_32_BIT_CONVERSION = YES;
				GCC_WARN_ABOUT_RETURN_TYPE = YES_ERROR;
				GCC_WARN_UNDECLARED_SELECTOR = YES;
				GCC_WARN_UNINITIALIZED_AUTOS = YES_AGGRESSIVE;
				GCC_WARN_UNUSED_FUNCTION = YES;
				GCC_WARN_UNUSED_VARIABLE = YES;
				IPHONEOS_DEPLOYMENT_TARGET = 15.0;
				MTL_ENABLE_DEBUG_INFO = NO;
				MTL_FAST_MATH = YES;
				SDKROOT = iphoneos;
				SWIFT_COMPILATION_MODE = wholemodule;
				SWIFT_OPTIMIZATION_LEVEL = "-O";
				VALIDATE_PRODUCT = YES;
			};
			name = Release;
		};
		B00C8225285AE8B000B2BDBA /* Debug */ = {
			isa = XCBuildConfiguration;
			baseConfigurationReference = FE766D1495216F543ECE56C9 /* Pods-CourierE2EApp.debug.xcconfig */;
			buildSettings = {
				ASSETCATALOG_COMPILER_APPICON_NAME = AppIcon;
				ASSETCATALOG_COMPILER_GLOBAL_ACCENT_COLOR_NAME = AccentColor;
				CODE_SIGN_STYLE = Automatic;
				CURRENT_PROJECT_VERSION = 1;
				DEVELOPMENT_ASSET_PATHS = "\"CourierE2EApp/Preview Content\"";
				DEVELOPMENT_TEAM = T4954J9MK5;
				ENABLE_PREVIEWS = YES;
				GENERATE_INFOPLIST_FILE = YES;
				INFOPLIST_KEY_UIApplicationSceneManifest_Generation = YES;
				INFOPLIST_KEY_UIApplicationSupportsIndirectInputEvents = YES;
				INFOPLIST_KEY_UILaunchScreen_Generation = YES;
				INFOPLIST_KEY_UISupportedInterfaceOrientations_iPad = "UIInterfaceOrientationPortrait UIInterfaceOrientationPortraitUpsideDown UIInterfaceOrientationLandscapeLeft UIInterfaceOrientationLandscapeRight";
				INFOPLIST_KEY_UISupportedInterfaceOrientations_iPhone = "UIInterfaceOrientationPortrait UIInterfaceOrientationLandscapeLeft UIInterfaceOrientationLandscapeRight";
				LD_RUNPATH_SEARCH_PATHS = (
					"$(inherited)",
					"@executable_path/Frameworks",
				);
				MARKETING_VERSION = 1.0;
				PRODUCT_BUNDLE_IDENTIFIER = com.gojek.CourierE2EApp;
				PRODUCT_NAME = "$(TARGET_NAME)";
				SWIFT_EMIT_LOC_STRINGS = YES;
				SWIFT_VERSION = 5.0;
				TARGETED_DEVICE_FAMILY = "1,2";
			};
			name = Debug;
		};
		B00C8226285AE8B000B2BDBA /* Release */ = {
			isa = XCBuildConfiguration;
			baseConfigurationReference = 2879B0F59A943BEF976B9CB8 /* Pods-CourierE2EApp.release.xcconfig */;
			buildSettings = {
				ASSETCATALOG_COMPILER_APPICON_NAME = AppIcon;
				ASSETCATALOG_COMPILER_GLOBAL_ACCENT_COLOR_NAME = AccentColor;
				CODE_SIGN_STYLE = Automatic;
				CURRENT_PROJECT_VERSION = 1;
				DEVELOPMENT_ASSET_PATHS = "\"CourierE2EApp/Preview Content\"";
				DEVELOPMENT_TEAM = T4954J9MK5;
				ENABLE_PREVIEWS = YES;
				GENERATE_INFOPLIST_FILE = YES;
				INFOPLIST_KEY_UIApplicationSceneManifest_Generation = YES;
				INFOPLIST_KEY_UIApplicationSupportsIndirectInputEvents = YES;
				INFOPLIST_KEY_UILaunchScreen_Generation = YES;
				INFOPLIST_KEY_UISupportedInterfaceOrientations_iPad = "UIInterfaceOrientationPortrait UIInterfaceOrientationPortraitUpsideDown UIInterfaceOrientationLandscapeLeft UIInterfaceOrientationLandscapeRight";
				INFOPLIST_KEY_UISupportedInterfaceOrientations_iPhone = "UIInterfaceOrientationPortrait UIInterfaceOrientationLandscapeLeft UIInterfaceOrientationLandscapeRight";
				LD_RUNPATH_SEARCH_PATHS = (
					"$(inherited)",
					"@executable_path/Frameworks",
				);
				MARKETING_VERSION = 1.0;
				PRODUCT_BUNDLE_IDENTIFIER = com.gojek.CourierE2EApp;
				PRODUCT_NAME = "$(TARGET_NAME)";
				SWIFT_EMIT_LOC_STRINGS = YES;
				SWIFT_VERSION = 5.0;
				TARGETED_DEVICE_FAMILY = "1,2";
			};
			name = Release;
		};
/* End XCBuildConfiguration section */

/* Begin XCConfigurationList section */
		B00C8211285AE8AF00B2BDBA /* Build configuration list for PBXProject "CourierE2EApp" */ = {
			isa = XCConfigurationList;
			buildConfigurations = (
				B00C8222285AE8B000B2BDBA /* Debug */,
				B00C8223285AE8B000B2BDBA /* Release */,
			);
			defaultConfigurationIsVisible = 0;
			defaultConfigurationName = Release;
		};
		B00C8224285AE8B000B2BDBA /* Build configuration list for PBXNativeTarget "CourierE2EApp" */ = {
			isa = XCConfigurationList;
			buildConfigurations = (
				B00C8225285AE8B000B2BDBA /* Debug */,
				B00C8226285AE8B000B2BDBA /* Release */,
			);
			defaultConfigurationIsVisible = 0;
			defaultConfigurationName = Release;
		};
/* End XCConfigurationList section */
	};
	rootObject = B00C820E285AE8AF00B2BDBA /* Project object */;
}
